[[package]]
category = "main"
description = "Library for building powerful interactive command lines in Python"
name = "prompt-toolkit"
optional = false
python-versions = ">=3.6"
version = "3.0.0"

[package.dependencies]
wcwidth = "*"

[package.source]
reference = "1e22be9e0879ce19613ac931a3ce842778b536c3"
type = "git"
url = "https://github.com/prompt-toolkit/python-prompt-toolkit.git"
[[package]]
category = "main"
description = "Measures number of Terminal column cells of wide-character codes"
name = "wcwidth"
optional = false
python-versions = "*"
version = "0.1.7"

[metadata]
content-hash = "a638781ca2f8f11cb3de4aa8791808f7438d927ade66af603a11054a063201b8"
python-versions = "^3.6"

[metadata.hashes]
prompt-toolkit = []
wcwidth = ["3df37372226d6e63e1b1e1eda15c594bca98a22d33a23832a90998faa96bc65e", "f4ebe71925af7b40a864553f761ed559b43544f8f71746c2d756c7fe788ade7c"]
